
Microsoft Visual Studio Solution File, Format Version 12.00
# Visual Studio Version 17
VisualStudioVersion = 17.0.31903.59
MinimumVisualStudioVersion = 10.0.40219.1
Project("{2150E333-8FDC-42A3-9474-1A3956D46DE8}") = "src", "src", "{238FC974-4144-4AD3-ADEA-D77272746C4E}"
EndProject
Project("{9A19103F-16F7-4668-BE54-9A1E7A4F7556}") = "Blog.PublicAPI", "src\Blog.PublicAPI\Blog.PublicAPI.csproj", "{29FC44F1-4387-4D20-AE08-4CE2B1EE351A}"
EndProject
Project("{2150E333-8FDC-42A3-9474-1A3956D46DE8}") = "Solution Items", "Solution Items", "{C8BFEDBE-706E-46AB-B97E-ADA890429E6A}"
	ProjectSection(SolutionItems) = preProject
		.editorconfig = .editorconfig
		.gitattributes = .gitattributes
		.gitignore = .gitignore
		Directory.Build.props = Directory.Build.props
		global.json = global.json
		LICENSE = LICENSE
		nuget.config = nuget.config
		README.md = README.md
		img\vertical-slice.png = img\vertical-slice.png
	EndProjectSection
EndProject
Project("{2150E333-8FDC-42A3-9474-1A3956D46DE8}") = "workflows", "workflows", "{EA311B9C-C068-4A3C-BA3F-C82003B93F7C}"
	ProjectSection(SolutionItems) = preProject
		.github\workflows\codeql-analysis.yml = .github\workflows\codeql-analysis.yml
		.github\workflows\delete-workflow-runs.yml = .github\workflows\delete-workflow-runs.yml
		.github\workflows\devskim-analysis.yml = .github\workflows\devskim-analysis.yml
		.github\workflows\dotnet.yml = .github\workflows\dotnet.yml
	EndProjectSection
EndProject
Project("{2150E333-8FDC-42A3-9474-1A3956D46DE8}") = "test", "test", "{0F1A1A9E-D0BF-40A0-A8DD-23DAB633323E}"
EndProject
Project("{9A19103F-16F7-4668-BE54-9A1E7A4F7556}") = "Blog.PublicAPI.Tests", "test\Blog.PublicAPI.Tests\Blog.PublicAPI.Tests.csproj", "{85026F33-64C7-40DA-94A0-F268C301B8F0}"
EndProject
Global
	GlobalSection(SolutionConfigurationPlatforms) = preSolution
		Debug|Any CPU = Debug|Any CPU
		Release|Any CPU = Release|Any CPU
	EndGlobalSection
	GlobalSection(ProjectConfigurationPlatforms) = postSolution
		{29FC44F1-4387-4D20-AE08-4CE2B1EE351A}.Debug|Any CPU.ActiveCfg = Debug|Any CPU
		{29FC44F1-4387-4D20-AE08-4CE2B1EE351A}.Debug|Any CPU.Build.0 = Debug|Any CPU
		{29FC44F1-4387-4D20-AE08-4CE2B1EE351A}.Release|Any CPU.ActiveCfg = Release|Any CPU
		{29FC44F1-4387-4D20-AE08-4CE2B1EE351A}.Release|Any CPU.Build.0 = Release|Any CPU
		{85026F33-64C7-40DA-94A0-F268C301B8F0}.Debug|Any CPU.ActiveCfg = Debug|Any CPU
		{85026F33-64C7-40DA-94A0-F268C301B8F0}.Debug|Any CPU.Build.0 = Debug|Any CPU
		{85026F33-64C7-40DA-94A0-F268C301B8F0}.Release|Any CPU.ActiveCfg = Release|Any CPU
		{85026F33-64C7-40DA-94A0-F268C301B8F0}.Release|Any CPU.Build.0 = Release|Any CPU
	EndGlobalSection
	GlobalSection(SolutionProperties) = preSolution
		HideSolutionNode = FALSE
	EndGlobalSection
	GlobalSection(NestedProjects) = preSolution
		{29FC44F1-4387-4D20-AE08-4CE2B1EE351A} = {238FC974-4144-4AD3-ADEA-D77272746C4E}
		{EA311B9C-C068-4A3C-BA3F-C82003B93F7C} = {C8BFEDBE-706E-46AB-B97E-ADA890429E6A}
		{85026F33-64C7-40DA-94A0-F268C301B8F0} = {0F1A1A9E-D0BF-40A0-A8DD-23DAB633323E}
	EndGlobalSection
	GlobalSection(ExtensibilityGlobals) = postSolution
		SolutionGuid = {A7D12FCD-C0A6-4794-8927-C8201DD79C26}
	EndGlobalSection
EndGlobal
